
Microsoft Visual Studio Solution File, Format Version 12.00
# Visual Studio Version 16
VisualStudioVersion = 16.0.31702.278
MinimumVisualStudioVersion = 10.0.40219.1
Project("{FAE04EC0-301F-11D3-BF4B-00C04F79EFBC}") = "Aula225_Func_Select", "Aula225_Func_Select\Aula225_Func_Select.csproj", "{CBE2AF2F-FC14-4417-84A1-CC024821FDA0}"
EndProject
Global
	GlobalSection(SolutionConfigurationPlatforms) = preSolution
		Debug|Any CPU = Debug|Any CPU
		Release|Any CPU = Release|Any CPU
	EndGlobalSection
	GlobalSection(ProjectConfigurationPlatforms) = postSolution
		{CBE2AF2F-FC14-4417-84A1-CC024821FDA0}.Debug|Any CPU.ActiveCfg = Debug|Any CPU
		{CBE2AF2F-FC14-4417-84A1-CC024821FDA0}.Debug|Any CPU.Build.0 = Debug|Any CPU
		{CBE2AF2F-FC14-4417-84A1-CC024821FDA0}.Release|Any CPU.ActiveCfg = Release|Any CPU
		{CBE2AF2F-FC14-4417-84A1-CC024821FDA0}.Release|Any CPU.Build.0 = Release|Any CPU
	EndGlobalSection
	GlobalSection(SolutionProperties) = preSolution
		HideSolutionNode = FALSE
	EndGlobalSection
	GlobalSection(ExtensibilityGlobals) = postSolution
		SolutionGuid = {A9F60BAF-8BD5-458E-A7A6-D960ED19A934}
	EndGlobalSection
EndGlobal
